
Microsoft Visual Studio Solution File, Format Version 12.00
# Visual Studio Version 17
VisualStudioVersion = 17.9.34714.143
MinimumVisualStudioVersion = 10.0.40219.1
Project("{FAE04EC0-301F-11D3-BF4B-00C04F79EFBC}") = "gitapp", "gitapp\gitapp.csproj", "{B915266C-9213-4D20-A15A-C93EE783CEDC}"
EndProject
Global
	GlobalSection(SolutionConfigurationPlatforms) = preSolution
		Debug|Any CPU = Debug|Any CPU
		Release|Any CPU = Release|Any CPU
	EndGlobalSection
	GlobalSection(ProjectConfigurationPlatforms) = postSolution
		{B915266C-9213-4D20-A15A-C93EE783CEDC}.Debug|Any CPU.ActiveCfg = Debug|Any CPU
		{B915266C-9213-4D20-A15A-C93EE783CEDC}.Debug|Any CPU.Build.0 = Debug|Any CPU
		{B915266C-9213-4D20-A15A-C93EE783CEDC}.Release|Any CPU.ActiveCfg = Release|Any CPU
		{B915266C-9213-4D20-A15A-C93EE783CEDC}.Release|Any CPU.Build.0 = Release|Any CPU
	EndGlobalSection
	GlobalSection(SolutionProperties) = preSolution
		HideSolutionNode = FALSE
	EndGlobalSection
	GlobalSection(ExtensibilityGlobals) = postSolution
		SolutionGuid = {DAE51F58-B6BD-4D7D-A42C-D23E36F61184}
	EndGlobalSection
EndGlobal
